
Microsoft Visual Studio Solution File, Format Version 12.00
# Visual Studio Version 17
VisualStudioVersion = 17.7.34031.279
MinimumVisualStudioVersion = 10.0.40219.1
Project("{9A19103F-16F7-4668-BE54-9A1E7A4F7556}") = "My_money", "My_money\My_money.csproj", "{B75ADD91-F598-483E-9E42-DF5FE39E86CE}"
EndProject
Global
	GlobalSection(SolutionConfigurationPlatforms) = preSolution
		Debug|Any CPU = Debug|Any CPU
		Release|Any CPU = Release|Any CPU
	EndGlobalSection
	GlobalSection(ProjectConfigurationPlatforms) = postSolution
		{B75ADD91-F598-483E-9E42-DF5FE39E86CE}.Debug|Any CPU.ActiveCfg = Debug|Any CPU
		{B75ADD91-F598-483E-9E42-DF5FE39E86CE}.Debug|Any CPU.Build.0 = Debug|Any CPU
		{B75ADD91-F598-483E-9E42-DF5FE39E86CE}.Release|Any CPU.ActiveCfg = Release|Any CPU
		{B75ADD91-F598-483E-9E42-DF5FE39E86CE}.Release|Any CPU.Build.0 = Release|Any CPU
	EndGlobalSection
	GlobalSection(SolutionProperties) = preSolution
		HideSolutionNode = FALSE
	EndGlobalSection
	GlobalSection(ExtensibilityGlobals) = postSolution
		SolutionGuid = {E4D918A6-951F-4BD1-8859-5C4167B380DE}
	EndGlobalSection
EndGlobal
